
Microsoft Visual Studio Solution File, Format Version 12.00
# Visual Studio 2013
VisualStudioVersion = 12.0.30110.0
MinimumVisualStudioVersion = 10.0.40219.1
Project("{FAE04EC0-301F-11D3-BF4B-00C04F79EFBC}") = "Fonctions Utiles", "Fonctions Utiles\Fonctions Utiles.csproj", "{4D47E454-2C77-44F8-B0BF-811B397E1798}"
EndProject
Global
	GlobalSection(SolutionConfigurationPlatforms) = preSolution
		Debug|Any CPU = Debug|Any CPU
		Release|Any CPU = Release|Any CPU
	EndGlobalSection
	GlobalSection(ProjectConfigurationPlatforms) = postSolution
		{4D47E454-2C77-44F8-B0BF-811B397E1798}.Debug|Any CPU.ActiveCfg = Debug|Any CPU
		{4D47E454-2C77-44F8-B0BF-811B397E1798}.Debug|Any CPU.Build.0 = Debug|Any CPU
		{4D47E454-2C77-44F8-B0BF-811B397E1798}.Release|Any CPU.ActiveCfg = Release|Any CPU
		{4D47E454-2C77-44F8-B0BF-811B397E1798}.Release|Any CPU.Build.0 = Release|Any CPU
	EndGlobalSection
	GlobalSection(SolutionProperties) = preSolution
		HideSolutionNode = FALSE
	EndGlobalSection
EndGlobal
